
Microsoft Visual Studio Solution File, Format Version 12.00
# Visual Studio Version 17
VisualStudioVersion = 17.5.002.0
MinimumVisualStudioVersion = 10.0.40219.1
Project("{9A19103F-16F7-4668-BE54-9A1E7A4F7556}") = "college", "college.csproj", "{86AE07E7-88E0-4E69-8659-74CEFBCF01D0}"
EndProject
Global
	GlobalSection(SolutionConfigurationPlatforms) = preSolution
		Debug|Any CPU = Debug|Any CPU
		Release|Any CPU = Release|Any CPU
	EndGlobalSection
	GlobalSection(ProjectConfigurationPlatforms) = postSolution
		{86AE07E7-88E0-4E69-8659-74CEFBCF01D0}.Debug|Any CPU.ActiveCfg = Debug|Any CPU
		{86AE07E7-88E0-4E69-8659-74CEFBCF01D0}.Debug|Any CPU.Build.0 = Debug|Any CPU
		{86AE07E7-88E0-4E69-8659-74CEFBCF01D0}.Release|Any CPU.ActiveCfg = Release|Any CPU
		{86AE07E7-88E0-4E69-8659-74CEFBCF01D0}.Release|Any CPU.Build.0 = Release|Any CPU
	EndGlobalSection
	GlobalSection(SolutionProperties) = preSolution
		HideSolutionNode = FALSE
	EndGlobalSection
	GlobalSection(ExtensibilityGlobals) = postSolution
		SolutionGuid = {B622FFD7-4690-45AA-B062-791E86CB2EF7}
	EndGlobalSection
EndGlobal
